// !$*UTF8*$!
{
	archiveVersion = 1;
	classes = {
	};
	objectVersion = 52;
	objects = {

/* Begin PBXBuildFile section */
		C4691EFF265C16A4000B391D /* PopUpAlertsApp.swift in Sources */ = {isa = PBXBuildFile; fileRef = C4691EFE265C16A4000B391D /* PopUpAlertsApp.swift */; };
		C4691F01265C16A4000B391D /* ContentView.swift in Sources */ = {isa = PBXBuildFile; fileRef = C4691F00265C16A4000B391D /* ContentView.swift */; };
		C4691F03265C16A5000B391D /* Assets.xcassets in Resources */ = {isa = PBXBuildFile; fileRef = C4691F02265C16A5000B391D /* Assets.xcassets */; };
		C4691F06265C16A5000B391D /* Preview Assets.xcassets in Resources */ = {isa = PBXBuildFile; fileRef = C4691F05265C16A5000B391D /* Preview Assets.xcassets */; };
		C4691F0F265C16E6000B391D /* SSToastMessage in Frameworks */ = {isa = PBXBuildFile; productRef = C4691F0E265C16E6000B391D /* SSToastMessage */; };
		C4691F11265C1729000B391D /* MyButtonView.swift in Sources */ = {isa = PBXBuildFile; fileRef = C4691F10265C1729000B391D /* MyButtonView.swift */; };
/* End PBXBuildFile section */

/* Begin PBXFileReference section */
		C4691EFB265C16A4000B391D /* PopUpAlerts.app */ = {isa = PBXFileReference; explicitFileType = wrapper.application; includeInIndex = 0; path = PopUpAlerts.app; sourceTree = BUILT_PRODUCTS_DIR; };
		C4691EFE265C16A4000B391D /* PopUpAlertsApp.swift */ = {isa = PBXFileReference; lastKnownFileType = sourcecode.swift; path = PopUpAlertsApp.swift; sourceTree = "<group>"; };
		C4691F00265C16A4000B391D /* ContentView.swift */ = {isa = PBXFileReference; lastKnownFileType = sourcecode.swift; path = ContentView.swift; sourceTree = "<group>"; };
		C4691F02265C16A5000B391D /* Assets.xcassets */ = {isa = PBXFileReference; lastKnownFileType = folder.assetcatalog; path = Assets.xcassets; sourceTree = "<group>"; };
		C4691F05265C16A5000B391D /* Preview Assets.xcassets */ = {isa = PBXFileReference; lastKnownFileType = folder.assetcatalog; path = "Preview Assets.xcassets"; sourceTree = "<group>"; };
		C4691F07265C16A5000B391D /* Info.plist */ = {isa = PBXFileReference; lastKnownFileType = text.plist.xml; path = Info.plist; sourceTree = "<group>"; };
		C4691F10265C1729000B391D /* MyButtonView.swift */ = {isa = PBXFileReference; lastKnownFileType = sourcecode.swift; path = MyButtonView.swift; sourceTree = "<group>"; };
/* End PBXFileReference section */

/* Begin PBXFrameworksBuildPhase section */
		C4691EF8265C16A4000B391D /* Frameworks */ = {
			isa = PBXFrameworksBuildPhase;
			buildActionMask = 2147483647;
			files = (
				C4691F0F265C16E6000B391D /* SSToastMessage in Frameworks */,
			);
			runOnlyForDeploymentPostprocessing = 0;
		};
/* End PBXFrameworksBuildPhase section */

/* Begin PBXGroup section */
		C4691EF2265C16A4000B391D = {
			isa = PBXGroup;
			children = (
				C4691EFD265C16A4000B391D /* PopUpAlerts */,
				C4691EFC265C16A4000B391D /* Products */,
			);
			sourceTree = "<group>";
		};
		C4691EFC265C16A4000B391D /* Products */ = {
			isa = PBXGroup;
			children = (
				C4691EFB265C16A4000B391D /* PopUpAlerts.app */,
			);
			name = Products;
			sourceTree = "<group>";
		};
		C4691EFD265C16A4000B391D /* PopUpAlerts */ = {
			isa = PBXGroup;
			children = (
				C4691EFE265C16A4000B391D /* PopUpAlertsApp.swift */,
				C4691F00265C16A4000B391D /* ContentView.swift */,
				C4691F02265C16A5000B391D /* Assets.xcassets */,
				C4691F07265C16A5000B391D /* Info.plist */,
				C4691F04265C16A5000B391D /* Preview Content */,
				C4691F10265C1729000B391D /* MyButtonView.swift */,
			);
			path = PopUpAlerts;
			sourceTree = "<group>";
		};
		C4691F04265C16A5000B391D /* Preview Content */ = {
			isa = PBXGroup;
			children = (
				C4691F05265C16A5000B391D /* Preview Assets.xcassets */,
			);
			path = "Preview Content";
			sourceTree = "<group>";
		};
/* End PBXGroup section */

/* Begin PBXNativeTarget section */
		C4691EFA265C16A4000B391D /* PopUpAlerts */ = {
			isa = PBXNativeTarget;
			buildConfigurationList = C4691F0A265C16A5000B391D /* Build configuration list for PBXNativeTarget "PopUpAlerts" */;
			buildPhases = (
				C4691EF7265C16A4000B391D /* Sources */,
				C4691EF8265C16A4000B391D /* Frameworks */,
				C4691EF9265C16A4000B391D /* Resources */,
			);
			buildRules = (
			);
			dependencies = (
			);
			name = PopUpAlerts;
			packageProductDependencies = (
				C4691F0E265C16E6000B391D /* SSToastMessage */,
			);
			productName = PopUpAlerts;
			productReference = C4691EFB265C16A4000B391D /* PopUpAlerts.app */;
			productType = "com.apple.product-type.application";
		};
/* End PBXNativeTarget section */

/* Begin PBXProject section */
		C4691EF3265C16A4000B391D /* Project object */ = {
			isa = PBXProject;
			attributes = {
				LastSwiftUpdateCheck = 1250;
				LastUpgradeCheck = 1250;
				TargetAttributes = {
					C4691EFA265C16A4000B391D = {
						CreatedOnToolsVersion = 12.5;
					};
				};
			};
			buildConfigurationList = C4691EF6265C16A4000B391D /* Build configuration list for PBXProject "PopUpAlerts" */;
			compatibilityVersion = "Xcode 9.3";
			developmentRegion = en;
			hasScannedForEncodings = 0;
			knownRegions = (
				en,
				Base,
			);
			mainGroup = C4691EF2265C16A4000B391D;
			packageReferences = (
				C4691F0D265C16E6000B391D /* XCRemoteSwiftPackageReference "SSToastMessage" */,
			);
			productRefGroup = C4691EFC265C16A4000B391D /* Products */;
			projectDirPath = "";
			projectRoot = "";
			targets = (
				C4691EFA265C16A4000B391D /* PopUpAlerts */,
			);
		};
/* End PBXProject section */

/* Begin PBXResourcesBuildPhase section */
		C4691EF9265C16A4000B391D /* Resources */ = {
			isa = PBXResourcesBuildPhase;
			buildActionMask = 2147483647;
			files = (
				C4691F06265C16A5000B391D /* Preview Assets.xcassets in Resources */,
				C4691F03265C16A5000B391D /* Assets.xcassets in Resources */,
			);
			runOnlyForDeploymentPostprocessing = 0;
		};
/* End PBXResourcesBuildPhase section */

/* Begin PBXSourcesBuildPhase section */
		C4691EF7265C16A4000B391D /* Sources */ = {
			isa = PBXSourcesBuildPhase;
			buildActionMask = 2147483647;
			files = (
				C4691F01265C16A4000B391D /* ContentView.swift in Sources */,
				C4691F11265C1729000B391D /* MyButtonView.swift in Sources */,
				C4691EFF265C16A4000B391D /* PopUpAlertsApp.swift in Sources */,
			);
			runOnlyForDeploymentPostprocessing = 0;
		};
/* End PBXSourcesBuildPhase section */

/* Begin XCBuildConfiguration section */
		C4691F08265C16A5000B391D /* Debug */ = {
			isa = XCBuildConfiguration;
			buildSettings = {
				ALWAYS_SEARCH_USER_PATHS = NO;
				CLANG_ANALYZER_NONNULL = YES;
				CLANG_ANALYZER_NUMBER_OBJECT_CONVERSION = YES_AGGRESSIVE;
				CLANG_CXX_LANGUAGE_STANDARD = "gnu++14";
				CLANG_CXX_LIBRARY = "libc++";
				CLANG_ENABLE_MODULES = YES;
				CLANG_ENABLE_OBJC_ARC = YES;
				CLANG_ENABLE_OBJC_WEAK = YES;
				CLANG_WARN_BLOCK_CAPTURE_AUTORELEASING = YES;
				CLANG_WARN_BOOL_CONVERSION = YES;
				CLANG_WARN_COMMA = YES;
				CLANG_WARN_CONSTANT_CONVERSION = YES;
				CLANG_WARN_DEPRECATED_OBJC_IMPLEMENTATIONS = YES;
				CLANG_WARN_DIRECT_OBJC_ISA_USAGE = YES_ERROR;
				CLANG_WARN_DOCUMENTATION_COMMENTS = YES;
				CLANG_WARN_EMPTY_BODY = YES;
				CLANG_WARN_ENUM_CONVERSION = YES;
				CLANG_WARN_INFINITE_RECURSION = YES;
				CLANG_WARN_INT_CONVERSION = YES;
				CLANG_WARN_NON_LITERAL_NULL_CONVERSION = YES;
				CLANG_WARN_OBJC_IMPLICIT_RETAIN_SELF = YES;
				CLANG_WARN_OBJC_LITERAL_CONVERSION = YES;
				CLANG_WARN_OBJC_ROOT_CLASS = YES_ERROR;
				CLANG_WARN_QUOTED_INCLUDE_IN_FRAMEWORK_HEADER = YES;
				CLANG_WARN_RANGE_LOOP_ANALYSIS = YES;
				CLANG_WARN_STRICT_PROTOTYPES = YES;
				CLANG_WARN_SUSPICIOUS_MOVE = YES;
				CLANG_WARN_UNGUARDED_AVAILABILITY = YES_AGGRESSIVE;
				CLANG_WARN_UNREACHABLE_CODE = YES;
				CLANG_WARN__DUPLICATE_METHOD_MATCH = YES;
				COPY_PHASE_STRIP = NO;
				DEBUG_INFORMATION_FORMAT = dwarf;
				ENABLE_STRICT_OBJC_MSGSEND = YES;
				ENABLE_TESTABILITY = YES;
				GCC_C_LANGUAGE_STANDARD = gnu11;
				GCC_DYNAMIC_NO_PIC = NO;
				GCC_NO_COMMON_BLOCKS = YES;
				GCC_OPTIMIZATION_LEVEL = 0;
				GCC_PREPROCESSOR_DEFINITIONS = (
					"DEBUG=1",
					"$(inherited)",
				);
				GCC_WARN_64_TO_32_BIT_CONVERSION = YES;
				GCC_WARN_ABOUT_RETURN_TYPE = YES_ERROR;
				GCC_WARN_UNDECLARED_SELECTOR = YES;
				GCC_WARN_UNINITIALIZED_AUTOS = YES_AGGRESSIVE;
				GCC_WARN_UNUSED_FUNCTION = YES;
				GCC_WARN_UNUSED_VARIABLE = YES;
				IPHONEOS_DEPLOYMENT_TARGET = 14.5;
				MTL_ENABLE_DEBUG_INFO = INCLUDE_SOURCE;
				MTL_FAST_MATH = YES;
				ONLY_ACTIVE_ARCH = YES;
				SDKROOT = iphoneos;
				SWIFT_ACTIVE_COMPILATION_CONDITIONS = DEBUG;
				SWIFT_OPTIMIZATION_LEVEL = "-Onone";
			};
			name = Debug;
		};
		C4691F09265C16A5000B391D /* Release */ = {
			isa = XCBuildConfiguration;
			buildSettings = {
				ALWAYS_SEARCH_USER_PATHS = NO;
				CLANG_ANALYZER_NONNULL = YES;
				CLANG_ANALYZER_NUMBER_OBJECT_CONVERSION = YES_AGGRESSIVE;
				CLANG_CXX_LANGUAGE_STANDARD = "gnu++14";
				CLANG_CXX_LIBRARY = "libc++";
				CLANG_ENABLE_MODULES = YES;
				CLANG_ENABLE_OBJC_ARC = YES;
				CLANG_ENABLE_OBJC_WEAK = YES;
				CLANG_WARN_BLOCK_CAPTURE_AUTORELEASING = YES;
				CLANG_WARN_BOOL_CONVERSION = YES;
				CLANG_WARN_COMMA = YES;
				CLANG_WARN_CONSTANT_CONVERSION = YES;
				CLANG_WARN_DEPRECATED_OBJC_IMPLEMENTATIONS = YES;
				CLANG_WARN_DIRECT_OBJC_ISA_USAGE = YES_ERROR;
				CLANG_WARN_DOCUMENTATION_COMMENTS = YES;
				CLANG_WARN_EMPTY_BODY = YES;
				CLANG_WARN_ENUM_CONVERSION = YES;
				CLANG_WARN_INFINITE_RECURSION = YES;
				CLANG_WARN_INT_CONVERSION = YES;
				CLANG_WARN_NON_LITERAL_NULL_CONVERSION = YES;
				CLANG_WARN_OBJC_IMPLICIT_RETAIN_SELF = YES;
				CLANG_WARN_OBJC_LITERAL_CONVERSION = YES;
				CLANG_WARN_OBJC_ROOT_CLASS = YES_ERROR;
				CLANG_WARN_QUOTED_INCLUDE_IN_FRAMEWORK_HEADER = YES;
				CLANG_WARN_RANGE_LOOP_ANALYSIS = YES;
				CLANG_WARN_STRICT_PROTOTYPES = YES;
				CLANG_WARN_SUSPICIOUS_MOVE = YES;
				CLANG_WARN_UNGUARDED_AVAILABILITY = YES_AGGRESSIVE;
				CLANG_WARN_UNREACHABLE_CODE = YES;
				CLANG_WARN__DUPLICATE_METHOD_MATCH = YES;
				COPY_PHASE_STRIP = NO;
				DEBUG_INFORMATION_FORMAT = "dwarf-with-dsym";
				ENABLE_NS_ASSERTIONS = NO;
				ENABLE_STRICT_OBJC_MSGSEND = YES;
				GCC_C_LANGUAGE_STANDARD = gnu11;
				GCC_NO_COMMON_BLOCKS = YES;
				GCC_WARN_64_TO_32_BIT_CONVERSION = YES;
				GCC_WARN_ABOUT_RETURN_TYPE = YES_ERROR;
				GCC_WARN_UNDECLARED_SELECTOR = YES;
				GCC_WARN_UNINITIALIZED_AUTOS = YES_AGGRESSIVE;
				GCC_WARN_UNUSED_FUNCTION = YES;
				GCC_WARN_UNUSED_VARIABLE = YES;
				IPHONEOS_DEPLOYMENT_TARGET = 14.5;
				MTL_ENABLE_DEBUG_INFO = NO;
				MTL_FAST_MATH = YES;
				SDKROOT = iphoneos;
				SWIFT_COMPILATION_MODE = wholemodule;
				SWIFT_OPTIMIZATION_LEVEL = "-O";
				VALIDATE_PRODUCT = YES;
			};
			name = Release;
		};
		C4691F0B265C16A5000B391D /* Debug */ = {
			isa = XCBuildConfiguration;
			buildSettings = {
				ASSETCATALOG_COMPILER_APPICON_NAME = AppIcon;
				ASSETCATALOG_COMPILER_GLOBAL_ACCENT_COLOR_NAME = AccentColor;
				CODE_SIGN_STYLE = Automatic;
				DEVELOPMENT_ASSET_PATHS = "\"PopUpAlerts/Preview Content\"";
				ENABLE_PREVIEWS = YES;
				INFOPLIST_FILE = PopUpAlerts/Info.plist;
				IPHONEOS_DEPLOYMENT_TARGET = 14.0;
				LD_RUNPATH_SEARCH_PATHS = (
					"$(inherited)",
					"@executable_path/Frameworks",
				);
				PRODUCT_BUNDLE_IDENTIFIER = com.MicheleManniello.PopUpAlerts;
				PRODUCT_NAME = "$(TARGET_NAME)";
				SWIFT_VERSION = 5.0;
				TARGETED_DEVICE_FAMILY = "1,2";
			};
			name = Debug;
		};
		C4691F0C265C16A5000B391D /* Release */ = {
			isa = XCBuildConfiguration;
			buildSettings = {
				ASSETCATALOG_COMPILER_APPICON_NAME = AppIcon;
				ASSETCATALOG_COMPILER_GLOBAL_ACCENT_COLOR_NAME = AccentColor;
				CODE_SIGN_STYLE = Automatic;
				DEVELOPMENT_ASSET_PATHS = "\"PopUpAlerts/Preview Content\"";
				ENABLE_PREVIEWS = YES;
				INFOPLIST_FILE = PopUpAlerts/Info.plist;
				IPHONEOS_DEPLOYMENT_TARGET = 14.0;
				LD_RUNPATH_SEARCH_PATHS = (
					"$(inherited)",
					"@executable_path/Frameworks",
				);
				PRODUCT_BUNDLE_IDENTIFIER = com.MicheleManniello.PopUpAlerts;
				PRODUCT_NAME = "$(TARGET_NAME)";
				SWIFT_VERSION = 5.0;
				TARGETED_DEVICE_FAMILY = "1,2";
			};
			name = Release;
		};
/* End XCBuildConfiguration section */

/* Begin XCConfigurationList section */
		C4691EF6265C16A4000B391D /* Build configuration list for PBXProject "PopUpAlerts" */ = {
			isa = XCConfigurationList;
			buildConfigurations = (
				C4691F08265C16A5000B391D /* Debug */,
				C4691F09265C16A5000B391D /* Release */,
			);
			defaultConfigurationIsVisible = 0;
			defaultConfigurationName = Release;
		};
		C4691F0A265C16A5000B391D /* Build configuration list for PBXNativeTarget "PopUpAlerts" */ = {
			isa = XCConfigurationList;
			buildConfigurations = (
				C4691F0B265C16A5000B391D /* Debug */,
				C4691F0C265C16A5000B391D /* Release */,
			);
			defaultConfigurationIsVisible = 0;
			defaultConfigurationName = Release;
		};
/* End XCConfigurationList section */

/* Begin XCRemoteSwiftPackageReference section */
		C4691F0D265C16E6000B391D /* XCRemoteSwiftPackageReference "SSToastMessage" */ = {
			isa = XCRemoteSwiftPackageReference;
			repositoryURL = "https://github.com/SimformSolutionsPvtLtd/SSToastMessage";
			requirement = {
				kind = upToNextMajorVersion;
				minimumVersion = 1.0.0;
			};
		};
/* End XCRemoteSwiftPackageReference section */

/* Begin XCSwiftPackageProductDependency section */
		C4691F0E265C16E6000B391D /* SSToastMessage */ = {
			isa = XCSwiftPackageProductDependency;
			package = C4691F0D265C16E6000B391D /* XCRemoteSwiftPackageReference "SSToastMessage" */;
			productName = SSToastMessage;
		};
/* End XCSwiftPackageProductDependency section */
	};
	rootObject = C4691EF3265C16A4000B391D /* Project object */;
}
